{
  "name": "norte-sul-informatica",
  "version": "0.0.0",
  "lockfileVersion": 3,
  "requires": true,
  "packages": {
    "": {
      "name": "norte-sul-informatica",
      "version": "0.0.0",
      "dependencies": {
        "@heroicons/react": "^2.1.3",
        "@hookform/resolvers": "^3.6.0",
        "@tanstack/react-query": "^5.45.1",
        "react": "^18.2.0",
        "react-dom": "^18.2.0",
        "react-hook-form": "^7.51.5",
        "react-qr-code": "^2.0.12",
        "react-router-dom": "6.22.3",
        "zod": "^3.23.8"
      },
      "devDependencies": {
        "@types/node": "^20.14.2",
        "@vitejs/plugin-react": "^4.3.1",
        "typescript": "~5.4.5",
        "vite": "^5.2.11"
      }
    },
    "node_modules/@ampproject/remapping": {
      "version": "2.3.0",
      "resolved": "https://registry.npmjs.org/@ampproject/remapping/-/remapping-2.3.0.tgz",
      "integrity": "sha512-30iZtAPgz+LTIYoeivqYo853f02jBYSd5uGnGpkFV0M3xOt9aN73erkgYAmZU43x4VfqcnLxW9Kpg3R5LC4YYw==",
      "dev": true,
      "dependencies": {
        "@jridgewell/gen-mapping": "^0.3.5",
        "@jridgewell/trace-mapping": "^0.3.25"
      },
      "engines": {
        "node": ">=6.0.0"
      }
    },
    "node_modules/@babel/code-frame": {
      "version": "7.24.7",
      "resolved": "https://registry.npmjs.org/@babel/code-frame/-/code-frame-7.24.7.tgz",
      "integrity": "sha512-eWTa19oLVkZERq2T1z7uCr2lS3Cran1dI0r33I7r1tT2R72LzId5A2UN+GvD5An95H/lySaXP3nsaQn23qX+9A==",
      "dev": true,
      "dependencies": {
        "@babel/helper-validator-identifier": "^7.24.7",
        "js-tokens": "^4.0.0",
        "picocolors": "^1.0.0"
      },
      "engines": {
        "node": ">=6.9.0"
      }
    },
    "node_modules/@babel/compat-data": {
      "version": "7.24.7",
      "resolved": "https://registry.npmjs.org/@babel/compat-data/-/compat-data-7.24.7.tgz",
      "integrity": "sha512-nLBE+C2yY1n0G8Fq7yIabzR21pL3l22sP9x5kGVr8mE2lYj4c8zTi7sY1gA34s/dCqVq3aJvMh0Z0Q==",
      "dev": true,
      "engines": {
        "node": ">=6.9.0"
      }
    },
    "node_modules/@babel/core": {
      "version": "7.24.7",
      "resolved": "https://registry.npmjs.org/@babel/core/-/core-7.24.7.tgz",
      "integrity": "sha512-h8FvXoZ4g19gO/f0g2gBjp2X1qfPZ985k7tq3L+uV3gTqWnI3V/wLJAXO6mP1eKk6OVg5gE0Qc0JzQ==",
      "dev": true,
      "dependencies": {
        "@ampproject/remapping": "^2.2.0",
        "@babel/code-frame": "^7.24.7",
        "@babel/generator": "^7.24.7",
        "@babel/helper-compilation-targets": "^7.24.7",
        "@babel/helper-module-transforms": "^7.24.7",
        "@babel/helpers": "^7.24.7",
        "@babel/parser": "^7.24.7",
        "@babel/template": "^7.24.7",
        "@babel/traverse": "^7.24.7",
        "@babel/types": "^7.24.7",
        "convert-source-map": "^2.0.0",
        "debug": "^4.1.0",
        "gensync": "^1.0.0-beta.2",
        "json5": "^2.2.3",
        "semver": "^6.3.1"
      },
      "engines": {
        "node": ">=6.9.0"
      },
      "funding": {
        "type": "opencollective",
        "url": "https://opencollective.com/babel"
      }
    },
    "node_modules/@babel/generator": {
      "version": "7.24.7",
      "resolved": "https://registry.npmjs.org/@babel/generator/-/generator-7.24.7.tgz",
      "integrity": "sha512-eHkGpi4e3u4f36+vWvGgS3TCJFDCRsA7eANaA9YvAEhW89y4fQc9gmMQg/13KxKx3LwVw53BfTf1E5B9hJ1vA==",
      "dev": true,
      "dependencies": {
        "@babel/types": "^7.24.7",
        "@jridgewell/gen-mapping": "^0.3.5",
        "jsesc": "^2.5.1"
      },
      "engines": {
        "node": ">=6.9.0"
      }
    },
    "node_modules/@babel/helper-compilation-targets": {
      "version": "7.24.7",
      "resolved": "https://registry.npmjs.org/@babel/helper-compilation-targets/-/helper-compilation-targets-7.24.7.tgz",
      "integrity": "sha512-sC3Yys2Fj/dC4t5wQO/2ssSwzR4u2pJHkX8DqgYgqptv4s89p9Kj2Jq+q20mR+LdMvJvV57QeU5hUQ/Xb2hJw==",
      "dev": true,
      "dependencies": {
        "@babel/compat-data": "^7.24.7",
        "@babel/helper-validator-option": "^7.24.7",
        "browserslist": "^4.23.0",
        "lru-cache": "^5.1.1",
        "semver": "^6.3.1"
      },
      "engines": {
        "node": ">=6.9.0"
      }
    },
    "node_modules/@babel/helper-module-imports": {
      "version": "7.24.7",
      "resolved": "https://registry.npmjs.org/@babel/helper-module-imports/-/helper-module-imports-7.24.7.tgz",
      "integrity": "sha512-DJJ+b2rSGvsx2LgD3Y4h3MPwzOD0gJ3jEk7yYqP3S0OKzL0W2sdzBgrb5IUi/2h1vGgho6l4RScn1KIt/QJq2Q==",
      "dev": true,
      "dependencies": {
        "@babel/traverse": "^7.24.7",
        "@babel/types": "^7.24.7"
      },
      "engines": {
        "node": ">=6.9.0"
      }
    },
    "node_modules/@babel/helper-module-transforms": {
      "version": "7.24.7",
      "resolved": "https://registry.npmjs.org/@babel/helper-module-transforms/-/helper-module-transforms-7.24.7.tgz",
      "integrity": "sha512-m3uYJ1w9XU/kXGDxK3dFp3GfNRSsPXVdDabF64/QvEpsFk+65wO8a/q+xAclPmpOAEbHj1V74sD7oM8KGfL2vw==",
      "dev": true,
      "dependencies": {
        "@babel/helper-module-imports": "^7.24.7",
        "@babel/helper-validator-identifier": "^7.24.7",
        "@babel/traverse": "^7.24.7"
      },
      "engines": {
        "node": ">=6.9.0"
      },
      "peerDependencies": {
        "@babel/core": "^7.0.0"
      }
    },
    "node_modules/@babel/helper-plugin-utils": {
      "version": "7.24.7",
      "resolved": "https://registry.npmjs.org/@babel/helper-plugin-utils/-/helper-plugin-utils-7.24.7.tgz",
      "integrity": "sha512-fWTHmnYSoF7i0XpC/o3lH1M7AHg2j0Yw62n3wzbf53vW1Yf5zt5rCpr4lP3sW5kAnQ5M6WRJ/FwLdk5bAWlEw==",
      "dev": true,
      "engines": {
        "node": ">=6.9.0"
      }
    },
    "node_modules/@babel/helper-string-parser": {
      "version": "7.24.7",
      "resolved": "https://registry.npmjs.org/@babel/helper-string-parser/-/helper-string-parser-7.24.7.tgz",
      "integrity": "sha512-Y3zYhQjDAkE8Gq51wQWjI4V5uAsiWNkH8cZ/lF1p1K6sute55oOzGPz44wJkavq2eLvVl3d9hL4I3VpS11o/qQ==",
      "dev": true,
      "engines": {
        "node": ">=6.9.0"
      }
    },
    "node_modules/@babel/helper-validator-identifier": {
      "version": "7.24.7",
      "resolved": "https://registry.npmjs.org/@babel/helper-validator-identifier/-/helper-validator-identifier-7.24.7.tgz",
      "integrity": "sha512-s5ziP8xJJb/A+u22cM+XjD8BqKMhEAPa4mDGEi8UeGgjw0d2yPjYpRy9hH06tT+JDY4Gk/+bWn3YmK0xGJZgHA==",
      "dev": true,
      "engines": {
        "node": ">=6.9.0"
      }
    },
    "node_modules/@babel/helper-validator-option": {
      "version": "7.24.7",
      "resolved": "https://registry.npmjs.org/@babel/helper-validator-option/-/helper-validator-option-7.24.7.tgz",
      "integrity": "sha512-n3x716M4Wn/dNEo38o+97Q3g8pM45Iq7hH7JPUlWbFid0/2/fJmyH2O1cZ3f/kUemxUgoIeQkU6XdxuD5Q==",
      "dev": true,
      "engines": {
        "node": ">=6.9.0"
      }
    },
    "node_modules/@babel/helpers": {
      "version": "7.24.7",
      "resolved": "https://registry.npmjs.org/@babel/helpers/-/helpers-7.24.7.tgz",
      "integrity": "sha512-hMEniJhmLRCkF/hV3E4/SAiQ6Y5nf+sLPB+Jc6KFGg5fA3VwN5nS7uWdJS8Qf5RjC9pWjN/lY/Gv2bQeL3lqA==",
      "dev": true,
      "dependencies": {
        "@babel/template": "^7.24.7",
        "@babel/traverse": "^7.24.7",
        "@babel/types": "^7.24.7"
      },
      "engines": {
        "node": ">=6.9.0"
      }
    },
    "node_modules/@babel/parser": {
      "version": "7.24.7",
      "resolved": "https://registry.npmjs.org/@babel/parser/-/parser-7.24.7.tgz",
      "integrity": "sha512-H/0BBsX2p43Q3d+KGUg9T/7u4uOtwXN6pWj9Jp2VfiyRLiq0mSyAuyOaV83F5R55xEcLd3DqfL5fFbsU+9G/yw==",
      "dev": true,
      "dependencies": {
        "@babel/types": "^7.24.7"
      },
      "bin": {
        "parser": "bin/babel-parser.js"
      },
      "engines": {
        "node": ">=6.0.0"
      }
    },
    "node_modules/@babel/template": {
      "version": "7.24.7",
      "resolved": "https://registry.npmjs.org/@babel/template/-/template-7.24.7.tgz",
      "integrity": "sha512-s/b5sZcEPhLzuu6sOKa6sWnBqgHxlmwqP8yXX3Ea6Y4nK8U3CgD3yD++bAV0dskdV61vTq2eHHr2gV+yqL68Jg==",
      "dev": true,
      "dependencies": {
        "@babel/code-frame": "^7.24.7",
        "@babel/parser": "^7.24.7",
        "@babel/types": "^7.24.7"
      },
      "engines": {
        "node": ">=6.9.0"
      }
    },
    "node_modules/@babel/traverse": {
      "version": "7.24.7",
      "resolved": "https://registry.npmjs.org/@babel/traverse/-/traverse-7.24.7.tgz",
      "integrity": "sha512-T+rPqBxfpiS2cK90jBje3Y3M2Wn9hXty/zKlvb08Tdhc0u1uCgBlg05fCUP3uHw0j8t9mB3u1rB3+uDScn3nQ==",
      "dev": true,
      "dependencies": {
        "@babel/code-frame": "^7.24.7",
        "@babel/generator": "^7.24.7",
        "@babel/helper-string-parser": "^7.24.7",
        "@babel/parser": "^7.24.7",
        "@babel/types": "^7.24.7",
        "debug": "^4.1.0"
      },
      "engines": {
        "node": ">=6.9.0"
      }
    },
    "node_modules/@babel/types": {
      "version": "7.24.7",
      "resolved": "https://registry.npmjs.org/@babel/types/-/types-7.24.7.tgz",
      "integrity": "sha512-sYxxL9Hj2E4y+w/I2pFX8i4Q3dqECgUjSgE8CH8aQ20J9p8pcr30cMJUH4ltvjO3a7xWp/3GjPEkM6X3c3kHw==",
      "dev": true,
      "dependencies": {
        "@babel/helper-string-parser": "^7.24.7",
        "@babel/helper-validator-identifier": "^7.24.7"
      },
      "engines": {
        "node": ">=6.9.0"
      }
    },
    "node_modules/@heroicons/react": {
      "version": "2.1.3",
      "resolved": "https://registry.npmjs.org/@heroicons/react/-/react-2.1.3.tgz",
      "integrity": "sha512-5B49eS84U2pE7q2sS+rA7wzvg8fLbsFqfxKRX9316i/y4d4iCVZt8P2b2o7vlp6i4p1LpDvoo1sJ2o+8oA0fA==",
      "peerDependencies": {
        "react": ">=16.8"
      }
    },
    "node_modules/@hookform/resolvers": {
      "version": "3.6.0",
      "resolved": "https://registry.npmjs.org/@hookform/resolvers/-/resolvers-3.6.0.tgz",
      "integrity": "sha512-4Cj2xHjY1yXm7S2W1A8bF5dVPv3nDPq+3+74y1tQ62Qy0F2gTAl/GvTVm0+TMT5qA9XbWk23W3lU3ACh1g==",
      "peerDependencies": {
        "react-hook-form": ">=7.43.1"
      }
    },
    "node_modules/@jridgewell/gen-mapping": {
      "version": "0.3.5",
      "resolved": "https://registry.npmjs.org/@jridgewell/gen-mapping/-/gen-mapping-0.3.5.tgz",
      "integrity": "sha512-cPVnOP0/a0i3hA22e9wE23jAAMIM2yXcFhQ5u+8oM4Y2FqfW2iYVqg+Qc5eA1wvV9ItdY2vInx+0vQn4cQZ4A==",
      "dev": true,
      "dependencies": {
        "@jridgewell/set-array": "^1.2.1",
        "@jridgewell/sourcemap-codec": "^1.5.2",
        "@jridgewell/trace-mapping": "^0.3.25"
      },
      "engines": {
        "node": ">=6.0.0"
      }
    },
    "node_modules/@jridgewell/resolve-uri": {
      "version": "3.1.2",
      "resolved": "https://registry.npmjs.org/@jridgewell/resolve-uri/-/resolve-uri-3.1.2.tgz",
      "integrity": "sha512-bRISgCIjP20/tbWSPWMEi54QVPRZExkuD9lJL+UIxUKtwVJA8wW1Trb1jMs1RFXo1CBTNZ/5hpC9QvmKWdopKw==",
      "dev": true,
      "engines": {
        "node": ">=6.0.0"
      }
    },
    "node_modules/@jridgewell/set-array": {
      "version": "1.2.1",
      "resolved": "https://registry.npmjs.org/@jridgewell/set-array/-/set-array-1.2.1.tgz",
      "integrity": "sha512-S8bL5qIkES52xI9vJ13dCslOCgYpWdKT2L+mGkGOHj32Zkxtp6nQk+xDGgZTt9WfWd8l2o0Lw1v/qA7gHw22YQ==",
      "dev": true,
      "engines": {
        "node": ">=6.0.0"
      }
    },
    "node_modules/@jridgewell/sourcemap-codec": {
      "version": "1.5.2",
      "resolved": "https://registry.npmjs.org/@jridgewell/sourcemap-codec/-/sourcemap-codec-1.5.2.tgz",
      "integrity": "sha512-C5iTTp+L8Z8odQporLPObrIn03xt0nECy0Gg8V2WODJ/k4pLno3v7Misyh/8hB/YPN8jR2yV2sIeJ622+mALYg==",
      "dev": true
    },
    "node_modules/@jridgewell/trace-mapping": {
      "version": "0.3.25",
      "resolved": "https://registry.npmjs.org/@jridgewell/trace-mapping/-/trace-mapping-0.3.25.tgz",
      "integrity": "sha512-v4ErNQBZT4k86Yx0j9jUSqj4/ghcHvw2p1iK+H1/k0o4iS8s3YxU94h2T/soiR5npgu0p4vW7g6+ik+5vGmM1A==",
      "dev": true,
      "dependencies": {
        "@jridgewell/resolve-uri": "3.1.2",
        "@jridgewell/sourcemap-codec": "1.5.2"
      }
    },
    "node_modules/@remix-run/router": {
      "version": "1.15.3",
      "resolved": "https://registry.npmjs.org/@remix-run/router/-/router-1.15.3.tgz",
      "integrity": "sha512-Oy8rmScVrVxWZVOpEF57ovlnhpZ8CCPlnIIumVcV9nFdiSIrus99+Lw78ekXyGvVDlIsFJbSfmSovJUhCWYV3w==",
      "engines": {
        "node": ">=14.0.0"
      }
    },
    "node_modules/@tanstack/query-core": {
      "version": "5.45.1",
      "resolved": "https://registry.npmjs.org/@tanstack/query-core/-/query-core-5.45.1.tgz",
      "integrity": "sha512-I50s7D9wN9wZz7GzD3O3+vYmC0aKhdhT1v2Hn0mKQLwSkd6v+LdZz2A9Dq+Bv9PZg6y7q4DEni8KzPBrMA==",
      "dependencies": {
        "@tanstack/query-persist-client-core": "5.45.1",
        "remre-map": "^2.0.1"
      }
    },
    "node_modules/@tanstack/query-persist-client-core": {
      "version": "5.45.1",
      "resolved": "https://registry.npmjs.org/@tanstack/query-persist-client-core/-/query-persist-client-core-5.45.1.tgz",
      "integrity": "sha512-Y3WcEay3K6/qL/4e3oXy9bYQc38r4Kq7qL5B2wP9wRz11Q9QxLzFm1XhM3Qn0+6nK/Qd81jB1rJd6pGg=="
    },
    "node_modules/@tanstack/react-query": {
      "version": "5.45.1",
      "resolved": "https://registry.npmjs.org/@tanstack/react-query/-/react-query-5.45.1.tgz",
      "integrity": "sha512-I0nS2Wj9/3d5995oT6hT1iR0+bNf0c/q2X6l/J9n1/sP58yW/B7t0yVbF89WlY95yI9K87G1X8i7xS/Vg==",
      "dependencies": {
        "@tanstack/query-core": "5.45.1"
      },
      "peerDependencies": {
        "react": "^18.0.0 || ^19.0.0"
      }
    },
    "node_modules/@types/babel__core": {
      "version": "7.20.5",
      "resolved": "https://registry.npmjs.org/@types/babel__core/-/babel__core-7.20.5.tgz",
      "integrity": "sha512-qoQprZvz5wQFJwMDqeseRXWv3rqMvhgpbXFfVyWhbx9X47POIA6i/+dXefEmZKoAgOaTdaIgNSMqMIU61yRyzA==",
      "dev": true,
      "dependencies": {
        "@babel/parser": "^7.20.7",
        "@babel/types": "^7.20.7",
        "@types/babel__generator": "*",
        "@types/babel__template": "*",
        "@types/babel__traverse": "*"
      }
    },
    "node_modules/@types/babel__generator": {
      "version": "7.6.8",
      "resolved": "https://registry.npmjs.org/@types/babel__generator/-/babel__generator-7.6.8.tgz",
      "integrity": "sha512-UIw0i3+32S3xZ2StyExy3y7EcsV2rWf3uM/B7kGppq283v29u91P5Xb4MhF+pI29OLg4pL4R3MRuQO6rzzkYw==",
      "dev": true,
      "dependencies": {
        "@babel/types": "^7.0.0"
      }
    },
    "node_modules/@types/babel__template": {
      "version": "7.4.4",
      "resolved": "https://registry.npmjs.org/@types/babel__template/-/babel__template-7.4.4.tgz",
      "integrity": "sha512-h/NUaSyG5EyxBIp8YRxo4RMe2/qQgvyowRwVMzhYhBCONbW8PUsg4lkFMrhgZhUe5z3L3MiLDuvyJ/CaPa2A8A==",
      "dev": true,
      "dependencies": {
        "@babel/parser": "^7.1.0",
        "@babel/types": "^7.0.0"
      }
    },
    "node_modules/@types/babel__traverse": {
      "version": "7.20.5",
      "resolved": "https://registry.npmjs.org/@types/babel__traverse/-/babel__traverse-7.20.5.tgz",
      "integrity": "sha512-3j25j9S0aWTTGzHy1t4s3gN2gXyT/R2cKx1h3sm43oFf27GjM2hSWhn2PEl6CkdZp9F8k+Yn1mJ0i2h88oSAwg==",
      "dev": true,
      "dependencies": {
        "@babel/types": "^7.20.5"
      }
    },
    "node_modules/@types/node": {
      "version": "20.14.2",
      "resolved": "https://registry.npmjs.org/@types/node/-/node-20.14.2.tgz",
      "integrity": "sha512-xyu6s2YcIlA3G8I53545WgmK12cO2no4g2nS4A8Pey7Ie1Q03Jb7uNzA2yJFVfSjXdTqg/4Qp0K1w7btmYI9Tw==",
      "dev": true,
      "dependencies": {
        "undici-types": "~5.26.4"
      }
    },
    "node_modules/@types/prop-types": {
      "version": "15.7.12",
      "resolved": "https://registry.npmjs.org/@types/prop-types/-/prop-types-15.7.12.tgz",
      "integrity": "sha512-5zvhXYS3icWE2i0JcI7VSA1L3a6Gq1P/D8DwyMlw7I/cW7nJifm3GL0v3G0jpd4v6c5f7M1soS7+D03hJ/6lMQ=="
    },
    "node_modules/@types/react": {
      "version": "18.3.3",
      "resolved": "https://registry.npmjs.org/@types/react/-/react-18.3.3.tgz",
      "integrity": "sha512-hti/R0pS0q1/xx+TsI73S6SppgdIZWf2q2/TBTPoUjDvGjU6y9ajCii8Sj+a3dFvmbSJC/sW3IeU1lTCcwe05A==",
      "dependencies": {
        "@types/prop-types": "*",
        "csstype": "^3.0.2"
      }
    },
    "node_modules/@types/react-dom": {
      "version": "18.3.0",
      "resolved": "https://registry.npmjs.org/@types/react-dom/-/react-dom-18.3.0.tgz",
      "integrity": "sha512-EhwApuTmMBm4IFSPzD0BxV6n0s3O4+8VnquAFV2SgT1uKC1sXQc2U4Ab074G3k5E3Y2vKkzzDGQzLp8vQG0w+A==",
      "dependencies": {
        "@types/react": "*"
      }
    },
    "node_modules/@types/scheduler": {
      "version": "0.16.8",
      "resolved": "https://registry.npmjs.org/@types/scheduler/-/scheduler-0.16.8.tgz",
      "integrity": "sha512-o/UqQxPFkUfD3PTC/OQEPUbxdk31/CaQfLbcK22q4TigkKx2R2S2s1V26iWX34I6kZf5H5T03x524lpe2q8/wA=="
    },
    "node_modules/@vitejs/plugin-react": {
      "version": "4.3.1",
      "resolved": "https://registry.npmjs.org/@vitejs/plugin-react/-/plugin-react-4.3.1.tgz",
      "integrity": "sha512-yvjOLxM/Z9djMv3uTOtM/O4i0T2/Gg00QJ+a8h9/fQ50wWbC00aJqYxT4rXus73T/L3o8sB5Pz41bJ1Uw==",
      "dev": true,
      "dependencies": {
        "@babel/core": "^7.24.0",
        "@babel/plugin-transform-react-jsx-self": "^7.24.7",
        "@babel/plugin-transform-react-jsx-source": "^7.24.7",
        "@types/babel__core": "^7.20.0",
        "react-refresh": "^0.14.0"
      },
      "engines": {
        "node": "^18.0.0 || >=20.0.0"
      },
      "peerDependencies": {
        "vite": "^4.2.0 || ^5.0.0"
      }
    },
    "node_modules/browserslist": {
      "version": "4.23.1",
      "resolved": "https://registry.npmjs.org/browserslist/-/browserslist-4.23.1.tgz",
      "integrity": "sha512-30M+u2Iq5LgKx0W4fExrV3k3+/rP2b+Zp0T6Tq5E0Gk0T1sI4yAc+bEaJjPFr1Iu03I8d67w2w7d8g==",
      "dev": true,
      "funding": [
        {
          "type": "opencollective",
          "url": "https://opencollective.com/browserslist"
        },
        {
          "type": "tidelift",
          "url": "https://tidelift.com/funding/github/npm/browserslist"
        },
        {
          "type": "github",
          "url": "https://github.com/sponsors/ai"
        }
      ],
      "dependencies": {
        "caniuse-lite": "^1.0.30001625",
        "electron-to-chromium": "^1.4.851",
        "node-releases": "^2.0.14",
        "update-browserslist-db": "^1.1.0"
      },
      "bin": {
        "browserslist": "cli.js"
      },
      "engines": {
        "node": "^6 || ^7 || ^8 || ^9 || ^10 || ^11 || ^12 || >=13.7"
      }
    },
    "node_modules/caniuse-lite": {
      "version": "1.0.30001641",
      "resolved": "https://registry.npmjs.org/caniuse-lite/-/caniuse-lite-1.0.30001641.tgz",
      "integrity": "sha512-Y3UjB1xGg6Jp6HhM4uQYj0K305sDtk+x0zJjBKy2L0V2M3K5pYyV5bVp+qEBC1vj82uYwZ1LOUvN359ww==",
      "dev": true,
      "funding": [
        {
          "type": "opencollective",
          "url": "https://opencollective.com/browserslist"
        },
        {
          "type": "tidelift",
          "url": "https://tidelift.com/funding/github/npm/caniuse-lite"
        },
        {
          "type": "github",
          "url": "https://github.com/sponsors/ai"
        }
      ]
    },
    "node_modules/convert-source-map": {
      "version": "2.0.0",
      "resolved": "https://registry.npmjs.org/convert-source-map/-/convert-source-map-2.0.0.tgz",
      "integrity": "sha512-Kvp459HrV2FEJ1CAsi1Ku+MY3kasH19TFykTz2xWmMeq6bk2NU3XXvfJ+Q61m0xktWwt+1HSYf3JZsTms3aRJg==",
      "dev": true
    },
    "node_modules/csstype": {
      "version": "3.1.3",
      "resolved": "https://registry.npmjs.org/csstype/-/csstype-3.1.3.tgz",
      "integrity": "sha512-M1uQkMl8rQK/szD0LNhtqxIPLpimGm8sOBwU7lLnCpSbTyY3yeU1Vc7l4KT5zT4s/yOxHH5O7tIuuLOCnLADRw=="
    },
    "node_modules/debug": {
      "version": "4.3.5",
      "resolved": "https://registry.npmjs.org/debug/-/debug-4.3.5.tgz",
      "integrity": "sha512-pt0bTf3i02g322/YkPcNURax0wLhK9ssiweOQ4wDwE27ePZ2sN02I1nN3Hn8M9t2LyzIKXN0VqgXgG5Uo+aYpA==",
      "dev": true,
      "dependencies": {
        "ms": "2.1.2"
      },
      "engines": {
        "node": ">=6.0"
      },
      "peerDependenciesMeta": {
        "supports-color": {
          "optional": true
        }
      }
    },
    "node_modules/electron-to-chromium": {
      "version": "1.4.887",
      "resolved": "https://registry.npmjs.org/electron-to-chromium/-/electron-to-chromium-1.4.887.tgz",
      "integrity": "sha512-Y8w57W10C/D1xFlb/PqsK7SkYy4WJkYwI59Ie254m9jL6sD9g30J5fRZWcM9jF8eS0d3tTwl1N/gYl3hGA==",
      "dev": true
    },
    "node_modules/es-object-get-own-property-descriptor": {
      "version": "1.0.3",
      "resolved": "https://registry.npmjs.org/es-object-get-own-property-descriptor/-/es-object-get-own-property-descriptor-1.0.3.tgz",
      "integrity": "sha512-YFv5GtbG0N4yB6k30GBA+wJ4w/f7fEviX15/DqDczZ+YpB2ywbkKTY8kY2uFpS7r1yKVnC8d+LVX+vWf0d2hA==",
      "dev": true,
      "dependencies": {
        "es-errors": "^1.3.0",
        "has-property-descriptors": "^1.0.2"
      },
      "engines": {
        "node": ">= 0.4"
      },
      "funding": {
        "url": "https://github.com/sponsors/ljharb"
      }
    },
    "node_modules/esbuild": {
      "version": "0.21.5",
      "resolved": "https://registry.npmjs.org/esbuild/-/esbuild-0.21.5.tgz",
      "integrity": "sha512-y+23tC4G7Svx6RCOm1k02e21iO8L5hA5Zot/A7x8sTei3wHy8Z4bW23473g8A2oMKYHac4d+lC0z/8lI7uWqMg==",
      "dev": true,
      "hasInstallScript": true,
      "bin": {
        "esbuild": "bin/esbuild"
      },
      "engines": {
        "node": ">=12"
      },
      "optionalDependencies": {
        "@esbuild/aix-ppc64": "0.21.5",
        "@esbuild/android-arm": "0.21.5",
        "@esbuild/android-arm64": "0.21.5",
        "@esbuild/android-x64": "0.21.5",
        "@esbuild/darwin-arm64": "0.21.5",
        "@esbuild/darwin-x64": "0.21.5",
        "@esbuild/freebsd-arm64": "0.21.5",
        "@esbuild/freebsd-x64": "0.21.5",
        "@esbuild/linux-arm": "0.21.5",
        "@esbuild/linux-arm64": "0.21.5",
        "@esbuild/linux-ia32": "0.21.5",
        "@esbuild/linux-loong64": "0.21.5",
        "@esbuild/linux-mips64el": "0.21.5",
        "@esbuild/linux-ppc64": "0.21.5",
        "@esbuild/linux-riscv64": "0.21.5",
        "@esbuild/linux-s390x": "0.21.5",
        "@esbuild/linux-x64": "0.21.5",
        "@esbuild/netbsd-arm64": "0.21.5",
        "@esbuild/netbsd-x64": "0.21.5",
        "@esbuild/openbsd-arm64": "0.21.5",
        "@esbuild/openbsd-x64": "0.21.5",
        "@esbuild/sunos-x64": "0.21.5",
        "@esbuild/win32-arm64": "0.21.5",
        "@esbuild/win32-ia32": "0.21.5",
        "@esbuild/win32-x64": "0.21.5"
      }
    },
    "node_modules/escalade": {
      "version": "3.1.2",
      "resolved": "https://registry.npmjs.org/escalade/-/escalade-3.1.2.tgz",
      "integrity": "sha512-VrqB930h9Q+EepP9kS3IAi2h9rgQkS3eSlv+0XkX/9qV5hG5AIk3Dnw0e104gL9+u6JbT9wzC3+R4fKVYx4UA==",
      "dev": true,
      "engines": {
        "node": ">=6"
      }
    },
    "node_modules/function-bind": {
      "version": "1.1.2",
      "resolved": "https://registry.npmjs.org/function-bind/-/function-bind-1.1.2.tgz",
      "integrity": "sha512-7XHNxH7qX9xG5mIwxkhumTox/MIRNcOgDrxWsMt2pAr23WHp6MrRlN7FBSFpCpr+oVO0F744iUgR82nJMfG2SA==",
      "funding": {
        "url": "https://github.com/sponsors/ljharb"
      }
    },
    "node_modules/gensync": {
      "version": "1.0.0-beta.2",
      "resolved": "https://registry.npmjs.org/gensync/-/gensync-1.0.0-beta.2.tgz",
      "integrity": "sha512-3hN7NaskYvMDLQY55gnW3NQ+mesEAepTqlg+VEbj7zzqEMBVNhzcGYYeqFo/TlYz6eQiFcp1HcsCZO+nGgS8zg==",
      "dev": true,
      "engines": {
        "node": ">=6.9.0"
      }
    },
    "node_modules/has-property-descriptors": {
      "version": "1.0.2",
      "resolved": "https://registry.npmjs.org/has-property-descriptors/-/has-property-descriptors-1.0.2.tgz",
      "integrity": "sha512-55U2+iUe3d/KMRg0g5r2m32lU95Qd1pS82hXn1A848x28o+6/uhpT4sbrwI0vIHlB0pPzO3PVyD4gTw==",
      "dev": true,
      "dependencies": {
        "es-object-get-own-property-descriptor": "^1.0.3"
      },
      "funding": {
        "url": "https://github.com/sponsors/ljharb"
      }
    },
    "node_modules/hasown": {
      "version": "2.0.2",
      "resolved": "https://registry.npmjs.org/hasown/-/hasown-2.0.2.tgz",
      "integrity": "sha512-0hJU9SCPvmMzIBdZFqNPXWa6dqh7WdH0cII9y+CyS8rG3nL48Bclra9HmKhVVUHyPWNH5Y7xDwAB7bfgSjkUMQ==",
      "dependencies": {
        "function-bind": "^1.1.2"
      },
      "engines": {
        "node": ">= 0.4"
      }
    },
    "node_modules/js-tokens": {
      "version": "4.0.0",
      "resolved": "https://registry.npmjs.org/js-tokens/-/js-tokens-4.0.0.tgz",
      "integrity": "sha512-RdJUflcE3cUzKiMqQgsCu06FPu9UdIJO0beYbPhHN4k6apgJtifcoCtT9bcxOpYBtpD2kCM6Sbzg4CausW/PKQ=="
    },
    "node_modules/jsesc": {
      "version": "2.5.2",
      "resolved": "https://registry.npmjs.org/jsesc/-/jsesc-2.5.2.tgz",
      "integrity": "sha512-gfn+J3Zf6wgA21w33hS6gE3M6K9S6iRdeqA8I11WbSMkG4rStjfE5kYycr07kOaj5bKOwG+pA9P1pLHDyI+L3w==",
      "dev": true,
      "bin": {
        "jsesc": "bin/jsesc"
      },
      "engines": {
        "node": ">=4"
      }
    },
    "node_modules/json5": {
      "version": "2.2.3",
      "resolved": "https://registry.npmjs.org/json5/-/json5-2.2.3.tgz",
      "integrity": "sha512-XmOWe7eyHYH14cLdVPoyg+GOH3rYX++KpzrylJwSW98t3Nk+U8XOl8FWKOgwtzdb8lXGf6zYwDUzeHMWfxasyg==",
      "dev": true,
      "bin": {
        "json5": "lib/cli.js"
      },
      "engines": {
        "node": ">=6"
      }
    },
    "node_modules/loose-envify": {
      "version": "1.4.0",
      "resolved": "https://registry.npmjs.org/loose-envify/-/loose-envify-1.4.0.tgz",
      "integrity": "sha512-lyuxPGr/Wfhrlem2CL/UcnUc1zcqKAImBDzukY7Y5F/yQiNdko6+fRLevlw1HgMySw7f611UIY408EtxRSoK3Q==",
      "dependencies": {
        "js-tokens": "^3.0.0 || ^4.0.0"
      },
      "bin": {
        "loose-envify": "cli.js"
      }
    },
    "node_modules/lru-cache": {
      "version": "5.1.1",
      "resolved": "https://registry.npmjs.org/lru-cache/-/lru-cache-5.1.1.tgz",
      "integrity": "sha512-KpNARQA3Iwv+jTA0utUVVbrh+Jlrr1Fv0e56GGzAFOXN7dk/FviaDW8LHmK52DlcH4WP2n6gI8vN1aesBFgo9w==",
      "dev": true,
      "dependencies": {
        "yallist": "^3.0.2"
      }
    },
    "node_modules/ms": {
      "version": "2.1.2",
      "resolved": "https://registry.npmjs.org/ms/-/ms-2.1.2.tgz",
      "integrity": "sha512-sGkPx+VjMtmA6MX27oA4FBFELFCZZ4S4XqeGOXCv68tT+AnmDcHctCSnbKweH/YcXV81iHcnOBLxfZTBeAizPw==",
      "dev": true
    },
    "node_modules/object-assign": {
      "version": "4.1.1",
      "resolved": "https://registry.npmjs.org/object-assign/-/object-assign-4.1.1.tgz",
      "integrity": "sha512-rJgTQnkUnH1sFw8yT6VSU3zD3sWmu6sZhIseY8VX+GRu3P6F7Fu+JNDoXfklElbLJSnc3FUQHVe4cU5hj+BcUg==",
      "engines": {
        "node": ">=0.10.0"
      }
    },
    "node_modules/picocolors": {
      "version": "1.0.1",
      "resolved": "https://registry.npmjs.org/picocolors/-/picocolors-1.0.1.tgz",
      "integrity": "sha512-KvPEkeHb3d9xX0DAbNOi3CUv2Tpe3fs9T9+hAof52+x0r+8c02sXO08wR4f+L89z3w0c0GvL6JAmA7vTz2I9A==",
      "dev": true
    },
    "node_modules/postcss": {
      "version": "8.4.38",
      "resolved": "https://registry.npmjs.org/postcss/-/postcss-8.4.38.tgz",
      "integrity": "sha512-addJmP4toQ5rS980xwmIe2eWz45Qmv7113ZCE8gWfuIQT2sQf2Vd5pI+sPzKx542i7zP1kASi+11DiIe9032A==",
      "dev": true,
      "funding": [
        {
          "type": "opencollective",
          "url": "https://opencollective.com/postcss/"
        },
        {
          "type": "tidelift",
          "url": "https://tidelift.com/funding/github/npm/postcss"
        },
        {
          "type": "github",
          "url": "https://github.com/sponsors/ai"
        }
      ],
      "dependencies": {
        "nanoid": "^3.3.7",
        "picocolors": "^1.0.1",
        "source-map-js": "^1.2.0"
      },
      "engines": {
        "node": "^10 || ^12 || >=14"
      }
    },
    "node_modules/postcss/node_modules/nanoid": {
      "version": "3.3.7",
      "resolved": "https://registry.npmjs.org/nanoid/-/nanoid-3.3.7.tgz",
      "integrity": "sha512-eSRppjcPIat8EXwGeL1DBvG2XoX5s2i7e7MGo59XO1ypN5oncc3iXmmfuL0pgsAjGrb3X1JgGGWIbJHdQW2pVQ==",
      "dev": true,
      "funding": [
        {
          "type": "github",
          "url": "https://github.com/sponsors/ai"
        }
      ],
      "bin": {
        "nanoid": "bin/nanoid.cjs"
      },
      "engines": {
        "node": "^10 || ^12 || ^13.7 || ^14 || >=15.0.1"
      }
    },
    "node_modules/prop-types": {
      "version": "15.8.1",
      "resolved": "https://registry.npmjs.org/prop-types/-/prop-types-15.8.1.tgz",
      "integrity": "sha512-oj87CgZICdulUohogVAR7AjlC0327U4el4L6eAvOqCeudMDVU0NThNaV+b9Df4dXgSP1gXMTnPdhfe/2qDH5cg==",
      "dependencies": {
        "loose-envify": "^1.4.0",
        "object-assign": "^4.1.1",
        "react-is": "^16.13.1"
      }
    },
    "node_modules/prop-types/node_modules/react-is": {
      "version": "16.13.1",
      "resolved": "https://registry.npmjs.org/react-is/-/react-is-16.13.1.tgz",
      "integrity": "sha512-24e6ynE2H+OKt4kqsOvNd8kBpV65zoxbA4BVsEOB3ARVWQki/DHzaUoC5KuON/BiccDaCCTZBuOcfZs70kR8bQ=="
    },
    "node_modules/qr.js": {
      "version": "0.0.0",
      "resolved": "https://registry.npmjs.org/qr.js/-/qr.js-0.0.0.tgz",
      "integrity": "sha512-c4iYnWb+k2E+vYpRimHqSu575b1/wKl4XFeJGpFmrJQz5I88v9aY2czh7s0w36srfCM1sXgC/xpoJz5dJfq+OQ=="
    },
    "node_modules/react": {
      "version": "18.3.1",
      "resolved": "https://registry.npmjs.org/react/-/react-18.3.1.tgz",
      "integrity": "sha512-wS+hAgJShR0KhEvPJArfuPVN1+Hz1t0Y6n5jLrGQbkb4urgPE/0Rve+1kMB1v/oWgHgm4WIcV+i7F2pTVj+2iQ==",
      "dependencies": {
        "loose-envify": "^1.1.0"
      },
      "engines": {
        "node": ">=0.10.0"
      }
    },
    "node_modules/react-dom": {
      "version": "18.3.1",
      "resolved": "https://registry.npmjs.org/react-dom/-/react-dom-18.3.1.tgz",
      "integrity": "sha512-5m4nQKp+rZRb09LNH59GM4BxTh9251/ylbKIbpe7TpGxfJ+9kv6BLkLBXIjjspbgbnIBNqlI23tRnTWT0snUIw==",
      "dependencies": {
        "loose-envify": "^1.1.0",
        "scheduler": "^0.23.2"
      },
      "peerDependencies": {
        "react": "^18.3.1"
      }
    },
    "node_modules/react-hook-form": {
      "version": "7.52.0",
      "resolved": "https://registry.npmjs.org/react-hook-form/-/react-hook-form-7.52.0.tgz",
      "integrity": "sha512-J/hV5P3A3g849GqN/pD0s5S4uF8EEx/mQ9S/L5uVdM5+l5U6kQcAnbS+1Kx3S2iUvoqgL6O6R2qG/2pzA==",
      "dependencies": {
        "@types/react": ">=18.2.0",
        "@types/react-dom": ">=18.2.0"
      },
      "funding": {
        "type": "opencollective",
        "url": "https://opencollective.com/react-hook-form"
      },
      "peerDependencies": {
        "react": "^16.8.0 || ^17 || ^18",
        "react-dom": "^16.8.0 || ^17 || ^18"
      }
    },
    "node_modules/react-is": {
      "version": "18.3.1",
      "resolved": "https://registry.npmjs.org/react-is/-/react-is-18.3.1.tgz",
      "integrity": "sha512-/LLMVyas0ljjAtoYiPqYiL8VWXzUUdThrmU5+n20DZv+a+ClRoevUzw5JxU+Ieh5/c87ytoTBV9G1FiKfNJdmg=="
    },
    "node_modules/react-qr-code": {
      "version": "2.0.12",
      "resolved": "https://registry.npmjs.org/react-qr-code/-/react-qr-code-2.0.12.tgz",
      "integrity": "sha512-k+pzP5CKLEGBRwZsDPp98/CAJeXlsYRHM2iZn1Sd5Th/HnKhIZCSg27PXO58zk8z02RaEryg+60xa4vyywMJwg==",
      "dependencies": {
        "prop-types": "^15.8.1",
        "qr.js": "0.0.0"
      },
      "peerDependencies": {
        "react": "^16.x || ^17.x || ^18.x",
        "react-native-svg": "*"
      },
      "peerDependenciesMeta": {
        "react-native-svg": {
          "optional": true
        }
      }
    },
    "node_modules/react-refresh": {
      "version": "0.14.2",
      "resolved": "https://registry.npmjs.org/react-refresh/-/react-refresh-0.14.2.tgz",
      "integrity": "sha512-sPld2bsiIBi8o5i4sW/L1vPKeB6LBLVZz2tGg5KRRdC2CjT+o0y+V9fEXVvT99MBLrTaw5Kz147nO93P6L2qHg==",
      "dev": true,
      "engines": {
        "node": ">=0.10.0"
      }
    },
    "node_modules/react-router-dom": {
      "version": "6.23.1",
      "resolved": "https://registry.npmjs.org/react-router-dom/-/react-router-dom-6.23.1.tgz",
      "integrity": "sha512-aM933c2a3yoQpT27iNUQ5KzPhyV3nJpd2B7t310nZgPzFkMhPWBp4p5xtLqHDQ0dJ5kRj6Y5gscqC4F8wz1zEg==",
      "dependencies": {
        "@remix-run/router": "1.15.3",
        "react-router": "6.23.1"
      },
      "engines": {
        "node": ">=14.0.0"
      },
      "peerDependencies": {
        "react": ">=16.8",
        "react-dom": ">=16.8"
      }
    },
    "node_modules/react-router": {
      "version": "6.23.1",
      "resolved": "https://registry.npmjs.org/react-router/-/react-router-6.23.1.tgz",
      "integrity": "sha512-iRzT6cOCV0c5g+5s6tH4S0M59dC55fVVTK7b4dvfL42gViVfM2AENgIMikpA/w0pCPaL44+4lM6+gDSq1uP60Q==",
      "dependencies": {
        "@remix-run/router": "1.15.3"
      },
      "engines": {
        "node": ">=14.0.0"
      },
      "peerDependencies": {
        "react": ">=16.8"
      }
    },
    "node_modules/remre-map": {
      "version": "2.0.1",
      "resolved": "https://registry.npmjs.org/remre-map/-/remre-map-2.0.1.tgz",
      "integrity": "sha512-aA4q9bA+xVrtfNnTYT8e3fXl8YJv1zT7sP4dM9p+J47Zl8LpY5e9zJca0M0dPrYVz/z0M7+sH+5ZkM/uQ=="
    },
    "node_modules/rollup": {
      "version": "4.18.0",
      "resolved": "https://registry.npmjs.org/rollup/-/rollup-4.18.0.tgz",
      "integrity": "sha512-O01dJCKxK38z3E/u+tM6ysGtdxYmZ5uM5FtuqT7gYkF3A1uhG+h2dG04A+uXf8q+m2l2K7h1PZkGv1N4qA==",
      "dev": true,
      "bin": {
        "rollup": "dist/bin/rollup"
      },
      "engines": {
        "node": ">=18.0.0",
        "npm": ">=8.0.0"
      },
      "optionalDependencies": {
        "@rollup/rollup-android-arm-eabi": "4.18.0",
        "@rollup/rollup-android-arm64": "4.18.0",
        "@rollup/rollup-darwin-arm64": "4.18.0",
        "@rollup/rollup-darwin-x64": "4.18.0",
        "@rollup/rollup-freebsd-arm64": "4.18.0",
        "@rollup/rollup-freebsd-x64": "4.18.0",
        "@rollup/rollup-linux-arm-gnueabihf": "4.18.0",
        "@rollup/rollup-linux-arm-musleabihf": "4.18.0",
        "@rollup/rollup-linux-arm64-gnu": "4.18.0",
        "@rollup/rollup-linux-arm64-musl": "4.18.0",
        "@rollup/rollup-linux-loongarch64-gnu": "4.18.0",
        "@rollup/rollup-linux-powerpc64le-gnu": "4.18.0",
        "@rollup/rollup-linux-riscv64-gnu": "4.18.0",
        "@rollup/rollup-linux-riscv64-musl": "4.18.0",
        "@rollup/rollup-linux-s390x-gnu": "4.18.0",
        "@rollup/rollup-linux-x64-gnu": "4.18.0",
        "@rollup/rollup-linux-x64-musl": "4.18.0",
        "@rollup/rollup-win32-arm64-msvc": "4.18.0",
        "@rollup/rollup-win32-ia32-msvc": "4.18.0",
        "@rollup/rollup-win32-x64-msvc": "4.18.0",
        "fsevents": "~2.3.2"
      }
    },
    "node_modules/scheduler": {
      "version": "0.23.2",
      "resolved": "https://registry.npmjs.org/scheduler/-/scheduler-0.23.2.tgz",
      "integrity": "sha512-UOShsPwz7NrMUqhR6t0hWjFduvOzbtv7toDH1/hIrfRNIDBnnBWd0CwJTGvTpngVlmwGCdP9/Zl/tVrDqcuYzQ==",
      "dependencies": {
        "loose-envify": "^1.1.0"
      }
    },
    "node_modules/semver": {
      "version": "6.3.1",
      "resolved": "https://registry.npmjs.org/semver/-/semver-6.3.1.tgz",
      "integrity": "sha512-BR7VvDCVHO+q2xBEWskxS6DJE1qRnb7DxzUrogb71CWoSficBxYsiAGd+Kl0mmq/MprG9yArRkyrQxTO6XjMzA==",
      "dev": true,
      "bin": {
        "semver": "bin/semver.js"
      }
    },
    "node_modules/source-map-js": {
      "version": "1.2.0",
      "resolved": "https://registry.npmjs.org/source-map-js/-/source-map-js-1.2.0.tgz",
      "integrity": "sha512-itJW8oifz2tr7tBxiKzigVE7LNB78sMLnUSz65vSg2IYJ4Jj1d1f2p/jQ+0U5l5xprbS5l6mQSP+t2/fPZzMA==",
      "dev": true,
      "engines": {
        "node": ">=0.10.0"
      }
    },
    "node_modules/undici-types": {
      "version": "5.26.5",
      "resolved": "https://registry.npmjs.org/undici-types/-/undici-types-5.26.5.tgz",
      "integrity": "sha512-JlCMO+ehdEIKqlFxk6IfVoAUVmgz7cU7zD/h9XZ0qzeosSHmJAEPtgZOyqx+wunCkdWwrNkdJoAnweZ8isUfPQ==",
      "dev": true
    },
    "node_modules/update-browserslist-db": {
      "version": "1.1.0",
      "resolved": "https://registry.npmjs.org/update-browserslist-db/-/update-browserslist-db-1.1.0.tgz",
      "integrity": "sha512-8C3Pfi5W3qfGfMCEo22+gY8Xm/j3xxf2EwX71wA6aM8Fcw19A9fAW1c0NLOA6h/5z3v8sycWjbrYwy3E1A6A==",
      "dev": true,
      "funding": [
        {
          "type": "opencollective",
          "url": "https://opencollective.com/browserslist"
        },
        {
          "type": "tidelift",
          "url": "https://tidelift.com/funding/github/npm/browserslist"
        },
        {
          "type": "github",
          "url": "https://github.com/sponsors/ai"
        }
      ],
      "dependencies": {
        "escalade": "^3.1.2",
        "picocolors": "^1.0.1"
      },
      "bin": {
        "update-browserslist-db": "cli.js"
      },
      "peerDependencies": {
        "browserslist": ">= 4.21.0"
      }
    },
    "node_modules/vite": {
      "version": "5.2.11",
      "resolved": "https://registry.npmjs.org/vite/-/vite-5.2.11.tgz",
      "integrity": "sha512-3D2T/i2goSNsY5P/uD0LwK3GVCQVAe98Yf92oY8AlhI7E42dDk+g1lISbHqQn2OuoC06H5i5xRIm7d+LVk0s4Q==",
      "dev": true,
      "bin": {
        "vite": "bin/vite.js"
      },
      "engines": {
        "node": "^18.0.0 || >=20.0.0"
      },
      "funding": {
        "url": "https://github.com/vitejs/vite?sponsor=1"
      },
      "optionalDependencies": {
        "fsevents": "~2.3.3"
      },
      "peerDependencies": {
        "postcss": ">=8.4.16",
        "rollup": ">=4.9.0",
        "terser": ">=5.24.0"
      },
      "peerDependenciesMeta": {
        "postcss": {
          "optional": true
        },
        "terser": {
          "optional": true
        }
      }
    },
    "node_modules/yallist": {
      "version": "3.1.1",
      "resolved": "https://registry.npmjs.org/yallist/-/yallist-3.1.1.tgz",
      "integrity": "sha512-a4UGQaWPH59mOXUYnAG2ewncQS4i4F43Tv3JoAM+s2VDAmS9NsK8GpDMLrCHPksFT7h3K6TOoUNn2pb7RoXx4g==",
      "dev": true
    },
    "node_modules/zod": {
      "version": "3.23.8",
      "resolved": "https://registry.npmjs.org/zod/-/zod-3.23.8.tgz",
      "integrity": "sha512-XBx9AXhXktjUsshASd+a6Pz9DzYVjA3i3oB966Gqj4o2I3o2h9A21zS48W0rVraD4cR2Ex0b07OHEJTgP44eQ==",
      "funding": {
        "url": "https://github.com/sponsors/colinhacks"
      }
    }
  }
}
